
Microsoft Visual Studio Solution File, Format Version 12.00
# Visual Studio Version 17
VisualStudioVersion = 17.0.32126.317
MinimumVisualStudioVersion = 10.0.40219.1
Project("{9A19103F-16F7-4668-BE54-9A1E7A4F7556}") = "Kafka", "Kafka\Kafka.csproj", "{A63D60D3-17D8-4155-BB56-4A3F65E981B8}"
EndProject
Project("{9A19103F-16F7-4668-BE54-9A1E7A4F7556}") = "KafkaApi", "KafkaApi\KafkaApi.csproj", "{A932982B-3A36-4B6C-8D33-4AF924426AB2}"
EndProject
Project("{2150E333-8FDC-42A3-9474-1A3956D46DE8}") = "Solution Items", "Solution Items", "{9649DE3E-6937-4F21-914F-E162FC19DED7}"
	ProjectSection(SolutionItems) = preProject
		.gitignore = .gitignore
	EndProjectSection
EndProject
Global
	GlobalSection(SolutionConfigurationPlatforms) = preSolution
		Debug|Any CPU = Debug|Any CPU
		Release|Any CPU = Release|Any CPU
	EndGlobalSection
	GlobalSection(ProjectConfigurationPlatforms) = postSolution
		{A63D60D3-17D8-4155-BB56-4A3F65E981B8}.Debug|Any CPU.ActiveCfg = Debug|Any CPU
		{A63D60D3-17D8-4155-BB56-4A3F65E981B8}.Debug|Any CPU.Build.0 = Debug|Any CPU
		{A63D60D3-17D8-4155-BB56-4A3F65E981B8}.Release|Any CPU.ActiveCfg = Release|Any CPU
		{A63D60D3-17D8-4155-BB56-4A3F65E981B8}.Release|Any CPU.Build.0 = Release|Any CPU
		{A932982B-3A36-4B6C-8D33-4AF924426AB2}.Debug|Any CPU.ActiveCfg = Debug|Any CPU
		{A932982B-3A36-4B6C-8D33-4AF924426AB2}.Debug|Any CPU.Build.0 = Debug|Any CPU
		{A932982B-3A36-4B6C-8D33-4AF924426AB2}.Release|Any CPU.ActiveCfg = Release|Any CPU
		{A932982B-3A36-4B6C-8D33-4AF924426AB2}.Release|Any CPU.Build.0 = Release|Any CPU
	EndGlobalSection
	GlobalSection(SolutionProperties) = preSolution
		HideSolutionNode = FALSE
	EndGlobalSection
	GlobalSection(ExtensibilityGlobals) = postSolution
		SolutionGuid = {E006E167-37DA-44D6-AC20-E6E42B63F03B}
	EndGlobalSection
EndGlobal
